github.com/gford1000-go/protobuf/types/encrypted_object v0.0.0-20220306094632-a05793ec1e8d h1:UfeBi+7Fd85rrqpoEw4VNGvuwbhwXEhGcHBFVbF3uH4=
github.com/gford1000-go/protobuf/types/encrypted_object v0.0.0-20220306094632-a05793ec1e8d/go.mod h1:JgXkPRq+XifQQd4bwwvWfc41ZQxoINBMx9ywFDR5rLM=
github.com/gford1000-go/protobuf/types/encryption v0.0.0-20220306094250-5a234c387651 h1:Y9UuC0xqiwOCwIrU02chbzfd4Ak3oYo3no7Wy1uWVt8=
github.com/gford1000-go/protobuf/types/encryption v0.0.0-20220306094250-5a234c387651/go.mod h1:KgJv1dboyZo6tpmO2Z9jq6Z1D+3MNxrckOGoqVfV2Y0=
github.com/gford1000-go/protobuf/types/value v0.0.0-20220306092226-18b13c7b8bcb h1:y5ZSdlT0EC9cvzom1vEwI7l6KdmiC573MeaBV92MXvY=
github.com/gford1000-go/protobuf/types/value v0.0.0-20220306092226-18b13c7b8bcb/go.mod h1:NPcQm7G0DPUvGaUNgLGHIqBo7Y9Huokf9AAg+x+HegA=
github.com/golang/protobuf v1.5.0/go.mod h1:FsONVRAS9T7sI+LIUmWTfcYkHO4aIWwzhcaSAoJOfIk=
github.com/google/go-cmp v0.5.5 h1:Khx7svrCpmxxtHBq5j2mp/xVjsi8hQMfNLvJFAlrGgU=
github.com/google/go-cmp v0.5.5/go.mod h1:v8dTdLbMG2kIc/vJvl+f65V22dbkXbowE6jgT/gNBxE=
golang.org/x/xerrors v0.0.0-20191204190536-9bdfabe68543 h1:E7g+9GITq07hpfrRu66IVDexMakfv52eLZ2CXBWiKr4=
golang.org/x/xerrors v0.0.0-20191204190536-9bdfabe68543/go.mod h1:I/5z698sn9Ka8TeJc9MKroUUfqBBauWjQqLJ2OPfmY0=
google.golang.org/protobuf v1.26.0-rc.1/go.mod h1:jlhhOSvTdKEhbULTjvd4ARK9grFBp09yW+WbY/TyQbw=
google.golang.org/protobuf v1.27.1 h1:SnqbnDw1V7RiZcXPx5MEeqPv2s79L9i7BJUlG/+RurQ=
google.golang.org/protobuf v1.27.1/go.mod h1:9q0QmTI4eRPtz6boOQmLYwt+qCgq0jsYwAQnmE0givc=
